
Microsoft Visual Studio Solution File, Format Version 12.00
# Visual Studio Version 16
VisualStudioVersion = 16.0.29709.97
MinimumVisualStudioVersion = 10.0.40219.1
Project("{FAE04EC0-301F-11D3-BF4B-00C04F79EFBC}") = "ED2_LAB5_4", "ED2_LAB5_4\ED2_LAB5_4.csproj", "{08760F8A-6269-4829-862B-13579E02A361}"
EndProject
Global
	GlobalSection(SolutionConfigurationPlatforms) = preSolution
		Debug|Any CPU = Debug|Any CPU
		Release|Any CPU = Release|Any CPU
	EndGlobalSection
	GlobalSection(ProjectConfigurationPlatforms) = postSolution
		{08760F8A-6269-4829-862B-13579E02A361}.Debug|Any CPU.ActiveCfg = Debug|Any CPU
		{08760F8A-6269-4829-862B-13579E02A361}.Debug|Any CPU.Build.0 = Debug|Any CPU
		{08760F8A-6269-4829-862B-13579E02A361}.Release|Any CPU.ActiveCfg = Release|Any CPU
		{08760F8A-6269-4829-862B-13579E02A361}.Release|Any CPU.Build.0 = Release|Any CPU
	EndGlobalSection
	GlobalSection(SolutionProperties) = preSolution
		HideSolutionNode = FALSE
	EndGlobalSection
	GlobalSection(ExtensibilityGlobals) = postSolution
		SolutionGuid = {B83AC85A-DF59-4C4A-8F70-F46EB5E425CD}
	EndGlobalSection
EndGlobal
