
Microsoft Visual Studio Solution File, Format Version 12.00
# Visual Studio 15
VisualStudioVersion = 15.0.28307.779
MinimumVisualStudioVersion = 10.0.40219.1
Project("{FAE04EC0-301F-11D3-BF4B-00C04F79EFBC}") = "LAB5_4", "LAB5_4\LAB5_4.csproj", "{58626DDA-068A-4EE2-83FD-08A91ECFF982}"
EndProject
Global
	GlobalSection(SolutionConfigurationPlatforms) = preSolution
		Debug|Any CPU = Debug|Any CPU
		Release|Any CPU = Release|Any CPU
	EndGlobalSection
	GlobalSection(ProjectConfigurationPlatforms) = postSolution
		{58626DDA-068A-4EE2-83FD-08A91ECFF982}.Debug|Any CPU.ActiveCfg = Debug|Any CPU
		{58626DDA-068A-4EE2-83FD-08A91ECFF982}.Debug|Any CPU.Build.0 = Debug|Any CPU
		{58626DDA-068A-4EE2-83FD-08A91ECFF982}.Release|Any CPU.ActiveCfg = Release|Any CPU
		{58626DDA-068A-4EE2-83FD-08A91ECFF982}.Release|Any CPU.Build.0 = Release|Any CPU
	EndGlobalSection
	GlobalSection(SolutionProperties) = preSolution
		HideSolutionNode = FALSE
	EndGlobalSection
	GlobalSection(ExtensibilityGlobals) = postSolution
		SolutionGuid = {A21DFF64-5EEB-4A6A-8E2E-18290A97FE8B}
	EndGlobalSection
EndGlobal
